%{"apex": {:hex, :apex, "0.3.7"},
  "base64url": {:hex, :base64url, "0.0.1"},
  "certifi": {:hex, :certifi, "0.3.0"},
  "comeonin": {:hex, :comeonin, "2.0.3"},
  "connection": {:hex, :connection, "1.0.2"},
  "cowboy": {:hex, :cowboy, "1.0.4"},
  "cowlib": {:hex, :cowlib, "1.0.2"},
  "db_connection": {:hex, :db_connection, "0.2.5"},
  "decimal": {:hex, :decimal, "1.1.2"},
  "ecto": {:hex, :ecto, "2.0.0-rc.4"},
  "ex_machina": {:hex, :ex_machina, "0.6.1"},
  "gettext": {:hex, :gettext, "0.10.0"},
  "guardian": {:hex, :guardian, "0.11.1"},
  "guardian_db": {:hex, :guardian_db, "0.5.0"},
  "hackney": {:hex, :hackney, "1.4.8"},
  "httpoison": {:hex, :httpoison, "0.8.1"},
  "idna": {:hex, :idna, "1.0.3"},
  "inflex": {:hex, :inflex, "1.5.0"},
  "ja_serializer": {:hex, :ja_serializer, "0.8.1"},
  "joken": {:hex, :joken, "1.0.0"},
  "jose": {:hex, :jose, "1.7.3"},
  "mailgun": {:hex, :mailgun, "0.1.2"},
  "meck": {:hex, :meck, "0.8.4"},
  "mimerl": {:hex, :mimerl, "1.0.2"},
  "mock": {:hex, :mock, "0.1.1"},
  "phoenix": {:hex, :phoenix, "1.1.4"},
  "phoenix_ecto": {:hex, :phoenix_ecto, "3.0.0-rc.0"},
  "plug": {:hex, :plug, "1.1.4"},
  "poison": {:hex, :poison, "1.5.2"},
  "poolboy": {:hex, :poolboy, "1.5.1"},
  "postgrex": {:hex, :postgrex, "0.11.1"},
  "ranch": {:hex, :ranch, "1.2.1"},
  "scrivener": {:hex, :scrivener, "1.0.0"},
  "secure_random": {:hex, :secure_random, "0.2.0"},
  "sms": {:git, "https://github.com/reteq/sms-elixir.git", "a1e095e7ee49e811553e6dfacd76a708fa9521ad", []},
  "ssl_verify_hostname": {:hex, :ssl_verify_hostname, "1.0.5"},
  "uuid": {:hex, :uuid, "1.1.3"}}
